// !$*UTF8*$!
{
	archiveVersion = 1;
	classes = {
	};
	objectVersion = 55;
	objects = {

/* Begin PBXBuildFile section */
		602F80E52A60E8D700070A20 /* AppDelegate.swift in Sources */ = {isa = PBXBuildFile; fileRef = 602F80E42A60E8D700070A20 /* AppDelegate.swift */; };
		602F80E72A60E8D700070A20 /* SceneDelegate.swift in Sources */ = {isa = PBXBuildFile; fileRef = 602F80E62A60E8D700070A20 /* SceneDelegate.swift */; };
		602F80E92A60E8D700070A20 /* ViewController.swift in Sources */ = {isa = PBXBuildFile; fileRef = 602F80E82A60E8D700070A20 /* ViewController.swift */; };
		602F80EC2A60E8D700070A20 /* Main.storyboard in Resources */ = {isa = PBXBuildFile; fileRef = 602F80EA2A60E8D700070A20 /* Main.storyboard */; };
		602F80EF2A60E8D700070A20 /* KoanbaTechnicalTest.xcdatamodeld in Sources */ = {isa = PBXBuildFile; fileRef = 602F80ED2A60E8D700070A20 /* KoanbaTechnicalTest.xcdatamodeld */; };
		602F80F12A60E8D900070A20 /* Assets.xcassets in Resources */ = {isa = PBXBuildFile; fileRef = 602F80F02A60E8D900070A20 /* Assets.xcassets */; };
		602F80F42A60E8D900070A20 /* LaunchScreen.storyboard in Resources */ = {isa = PBXBuildFile; fileRef = 602F80F22A60E8D900070A20 /* LaunchScreen.storyboard */; };
		602F80FF2A60E8D900070A20 /* KoanbaTechnicalTestTests.swift in Sources */ = {isa = PBXBuildFile; fileRef = 602F80FE2A60E8D900070A20 /* KoanbaTechnicalTestTests.swift */; };
		602F81092A60E8D900070A20 /* KoanbaTechnicalTestUITests.swift in Sources */ = {isa = PBXBuildFile; fileRef = 602F81082A60E8D900070A20 /* KoanbaTechnicalTestUITests.swift */; };
		602F810B2A60E8D900070A20 /* KoanbaTechnicalTestUITestsLaunchTests.swift in Sources */ = {isa = PBXBuildFile; fileRef = 602F810A2A60E8D900070A20 /* KoanbaTechnicalTestUITestsLaunchTests.swift */; };
/* End PBXBuildFile section */

/* Begin PBXContainerItemProxy section */
		602F80FB2A60E8D900070A20 /* PBXContainerItemProxy */ = {
			isa = PBXContainerItemProxy;
			containerPortal = 602F80D92A60E8D700070A20 /* Project object */;
			proxyType = 1;
			remoteGlobalIDString = 602F80E02A60E8D700070A20;
			remoteInfo = KoanbaTechnicalTest;
		};
		602F81052A60E8D900070A20 /* PBXContainerItemProxy */ = {
			isa = PBXContainerItemProxy;
			containerPortal = 602F80D92A60E8D700070A20 /* Project object */;
			proxyType = 1;
			remoteGlobalIDString = 602F80E02A60E8D700070A20;
			remoteInfo = KoanbaTechnicalTest;
		};
/* End PBXContainerItemProxy section */

/* Begin PBXFileReference section */
		602F80E12A60E8D700070A20 /* KoanbaTechnicalTest.app */ = {isa = PBXFileReference; explicitFileType = wrapper.application; includeInIndex = 0; path = KoanbaTechnicalTest.app; sourceTree = BUILT_PRODUCTS_DIR; };
		602F80E42A60E8D700070A20 /* AppDelegate.swift */ = {isa = PBXFileReference; lastKnownFileType = sourcecode.swift; path = AppDelegate.swift; sourceTree = "<group>"; };
		602F80E62A60E8D700070A20 /* SceneDelegate.swift */ = {isa = PBXFileReference; lastKnownFileType = sourcecode.swift; path = SceneDelegate.swift; sourceTree = "<group>"; };
		602F80E82A60E8D700070A20 /* ViewController.swift */ = {isa = PBXFileReference; lastKnownFileType = sourcecode.swift; path = ViewController.swift; sourceTree = "<group>"; };
		602F80EB2A60E8D700070A20 /* Base */ = {isa = PBXFileReference; lastKnownFileType = file.storyboard; name = Base; path = Base.lproj/Main.storyboard; sourceTree = "<group>"; };
		602F80EE2A60E8D700070A20 /* KoanbaTechnicalTest.xcdatamodel */ = {isa = PBXFileReference; lastKnownFileType = wrapper.xcdatamodel; path = KoanbaTechnicalTest.xcdatamodel; sourceTree = "<group>"; };
		602F80F02A60E8D900070A20 /* Assets.xcassets */ = {isa = PBXFileReference; lastKnownFileType = folder.assetcatalog; path = Assets.xcassets; sourceTree = "<group>"; };
		602F80F32A60E8D900070A20 /* Base */ = {isa = PBXFileReference; lastKnownFileType = file.storyboard; name = Base; path = Base.lproj/LaunchScreen.storyboard; sourceTree = "<group>"; };
		602F80F52A60E8D900070A20 /* Info.plist */ = {isa = PBXFileReference; lastKnownFileType = text.plist.xml; path = Info.plist; sourceTree = "<group>"; };
		602F80FA2A60E8D900070A20 /* KoanbaTechnicalTestTests.xctest */ = {isa = PBXFileReference; explicitFileType = wrapper.cfbundle; includeInIndex = 0; path = KoanbaTechnicalTestTests.xctest; sourceTree = BUILT_PRODUCTS_DIR; };
		602F80FE2A60E8D900070A20 /* KoanbaTechnicalTestTests.swift */ = {isa = PBXFileReference; lastKnownFileType = sourcecode.swift; path = KoanbaTechnicalTestTests.swift; sourceTree = "<group>"; };
		602F81042A60E8D900070A20 /* KoanbaTechnicalTestUITests.xctest */ = {isa = PBXFileReference; explicitFileType = wrapper.cfbundle; includeInIndex = 0; path = KoanbaTechnicalTestUITests.xctest; sourceTree = BUILT_PRODUCTS_DIR; };
		602F81082A60E8D900070A20 /* KoanbaTechnicalTestUITests.swift */ = {isa = PBXFileReference; lastKnownFileType = sourcecode.swift; path = KoanbaTechnicalTestUITests.swift; sourceTree = "<group>"; };
		602F810A2A60E8D900070A20 /* KoanbaTechnicalTestUITestsLaunchTests.swift */ = {isa = PBXFileReference; lastKnownFileType = sourcecode.swift; path = KoanbaTechnicalTestUITestsLaunchTests.swift; sourceTree = "<group>"; };
/* End PBXFileReference section */

/* Begin PBXFrameworksBuildPhase section */
		602F80DE2A60E8D700070A20 /* Frameworks */ = {
			isa = PBXFrameworksBuildPhase;
			buildActionMask = 2147483647;
			files = (
			);
			runOnlyForDeploymentPostprocessing = 0;
		};
		602F80F72A60E8D900070A20 /* Frameworks */ = {
			isa = PBXFrameworksBuildPhase;
			buildActionMask = 2147483647;
			files = (
			);
			runOnlyForDeploymentPostprocessing = 0;
		};
		602F81012A60E8D900070A20 /* Frameworks */ = {
			isa = PBXFrameworksBuildPhase;
			buildActionMask = 2147483647;
			files = (
			);
			runOnlyForDeploymentPostprocessing = 0;
		};
/* End PBXFrameworksBuildPhase section */

/* Begin PBXGroup section */
		602F80D82A60E8D700070A20 = {
			isa = PBXGroup;
			children = (
				602F80E32A60E8D700070A20 /* KoanbaTechnicalTest */,
				602F80FD2A60E8D900070A20 /* KoanbaTechnicalTestTests */,
				602F81072A60E8D900070A20 /* KoanbaTechnicalTestUITests */,
				602F80E22A60E8D700070A20 /* Products */,
			);
			sourceTree = "<group>";
		};
		602F80E22A60E8D700070A20 /* Products */ = {
			isa = PBXGroup;
			children = (
				602F80E12A60E8D700070A20 /* KoanbaTechnicalTest.app */,
				602F80FA2A60E8D900070A20 /* KoanbaTechnicalTestTests.xctest */,
				602F81042A60E8D900070A20 /* KoanbaTechnicalTestUITests.xctest */,
			);
			name = Products;
			sourceTree = "<group>";
		};
		602F80E32A60E8D700070A20 /* KoanbaTechnicalTest */ = {
			isa = PBXGroup;
			children = (
				602F80E42A60E8D700070A20 /* AppDelegate.swift */,
				602F80E62A60E8D700070A20 /* SceneDelegate.swift */,
				602F80E82A60E8D700070A20 /* ViewController.swift */,
				602F80EA2A60E8D700070A20 /* Main.storyboard */,
				602F80F02A60E8D900070A20 /* Assets.xcassets */,
				602F80F22A60E8D900070A20 /* LaunchScreen.storyboard */,
				602F80F52A60E8D900070A20 /* Info.plist */,
				602F80ED2A60E8D700070A20 /* KoanbaTechnicalTest.xcdatamodeld */,
			);
			path = KoanbaTechnicalTest;
			sourceTree = "<group>";
		};
		602F80FD2A60E8D900070A20 /* KoanbaTechnicalTestTests */ = {
			isa = PBXGroup;
			children = (
				602F80FE2A60E8D900070A20 /* KoanbaTechnicalTestTests.swift */,
			);
			path = KoanbaTechnicalTestTests;
			sourceTree = "<group>";
		};
		602F81072A60E8D900070A20 /* KoanbaTechnicalTestUITests */ = {
			isa = PBXGroup;
			children = (
				602F81082A60E8D900070A20 /* KoanbaTechnicalTestUITests.swift */,
				602F810A2A60E8D900070A20 /* KoanbaTechnicalTestUITestsLaunchTests.swift */,
			);
			path = KoanbaTechnicalTestUITests;
			sourceTree = "<group>";
		};
/* End PBXGroup section */

/* Begin PBXNativeTarget section */
		602F80E02A60E8D700070A20 /* KoanbaTechnicalTest */ = {
			isa = PBXNativeTarget;
			buildConfigurationList = 602F810E2A60E8D900070A20 /* Build configuration list for PBXNativeTarget "KoanbaTechnicalTest" */;
			buildPhases = (
				602F80DD2A60E8D700070A20 /* Sources */,
				602F80DE2A60E8D700070A20 /* Frameworks */,
				602F80DF2A60E8D700070A20 /* Resources */,
			);
			buildRules = (
			);
			dependencies = (
			);
			name = KoanbaTechnicalTest;
			productName = KoanbaTechnicalTest;
			productReference = 602F80E12A60E8D700070A20 /* KoanbaTechnicalTest.app */;
			productType = "com.apple.product-type.application";
		};
		602F80F92A60E8D900070A20 /* KoanbaTechnicalTestTests */ = {
			isa = PBXNativeTarget;
			buildConfigurationList = 602F81112A60E8D900070A20 /* Build configuration list for PBXNativeTarget "KoanbaTechnicalTestTests" */;
			buildPhases = (
				602F80F62A60E8D900070A20 /* Sources */,
				602F80F72A60E8D900070A20 /* Frameworks */,
				602F80F82A60E8D900070A20 /* Resources */,
			);
			buildRules = (
			);
			dependencies = (
				602F80FC2A60E8D900070A20 /* PBXTargetDependency */,
			);
			name = KoanbaTechnicalTestTests;
			productName = KoanbaTechnicalTestTests;
			productReference = 602F80FA2A60E8D900070A20 /* KoanbaTechnicalTestTests.xctest */;
			productType = "com.apple.product-type.bundle.unit-test";
		};
		602F81032A60E8D900070A20 /* KoanbaTechnicalTestUITests */ = {
			isa = PBXNativeTarget;
			buildConfigurationList = 602F81142A60E8D900070A20 /* Build configuration list for PBXNativeTarget "KoanbaTechnicalTestUITests" */;
			buildPhases = (
				602F81002A60E8D900070A20 /* Sources */,
				602F81012A60E8D900070A20 /* Frameworks */,
				602F81022A60E8D900070A20 /* Resources */,
			);
			buildRules = (
			);
			dependencies = (
				602F81062A60E8D900070A20 /* PBXTargetDependency */,
			);
			name = KoanbaTechnicalTestUITests;
			productName = KoanbaTechnicalTestUITests;
			productReference = 602F81042A60E8D900070A20 /* KoanbaTechnicalTestUITests.xctest */;
			productType = "com.apple.product-type.bundle.ui-testing";
		};
/* End PBXNativeTarget section */

/* Begin PBXProject section */
		602F80D92A60E8D700070A20 /* Project object */ = {
			isa = PBXProject;
			attributes = {
				BuildIndependentTargetsInParallel = 1;
				LastSwiftUpdateCheck = 1330;
				LastUpgradeCheck = 1330;
				TargetAttributes = {
					602F80E02A60E8D700070A20 = {
						CreatedOnToolsVersion = 13.3.1;
					};
					602F80F92A60E8D900070A20 = {
						CreatedOnToolsVersion = 13.3.1;
						TestTargetID = 602F80E02A60E8D700070A20;
					};
					602F81032A60E8D900070A20 = {
						CreatedOnToolsVersion = 13.3.1;
						TestTargetID = 602F80E02A60E8D700070A20;
					};
				};
			};
			buildConfigurationList = 602F80DC2A60E8D700070A20 /* Build configuration list for PBXProject "KoanbaTechnicalTest" */;
			compatibilityVersion = "Xcode 13.0";
			developmentRegion = en;
			hasScannedForEncodings = 0;
			knownRegions = (
				en,
				Base,
			);
			mainGroup = 602F80D82A60E8D700070A20;
			productRefGroup = 602F80E22A60E8D700070A20 /* Products */;
			projectDirPath = "";
			projectRoot = "";
			targets = (
				602F80E02A60E8D700070A20 /* KoanbaTechnicalTest */,
				602F80F92A60E8D900070A20 /* KoanbaTechnicalTestTests */,
				602F81032A60E8D900070A20 /* KoanbaTechnicalTestUITests */,
			);
		};
/* End PBXProject section */

/* Begin PBXResourcesBuildPhase section */
		602F80DF2A60E8D700070A20 /* Resources */ = {
			isa = PBXResourcesBuildPhase;
			buildActionMask = 2147483647;
			files = (
				602F80F42A60E8D900070A20 /* LaunchScreen.storyboard in Resources */,
				602F80F12A60E8D900070A20 /* Assets.xcassets in Resources */,
				602F80EC2A60E8D700070A20 /* Main.storyboard in Resources */,
			);
			runOnlyForDeploymentPostprocessing = 0;
		};
		602F80F82A60E8D900070A20 /* Resources */ = {
			isa = PBXResourcesBuildPhase;
			buildActionMask = 2147483647;
			files = (
			);
			runOnlyForDeploymentPostprocessing = 0;
		};
		602F81022A60E8D900070A20 /* Resources */ = {
			isa = PBXResourcesBuildPhase;
			buildActionMask = 2147483647;
			files = (
			);
			runOnlyForDeploymentPostprocessing = 0;
		};
/* End PBXResourcesBuildPhase section */

/* Begin PBXSourcesBuildPhase section */
		602F80DD2A60E8D700070A20 /* Sources */ = {
			isa = PBXSourcesBuildPhase;
			buildActionMask = 2147483647;
			files = (
				602F80E92A60E8D700070A20 /* ViewController.swift in Sources */,
				602F80E52A60E8D700070A20 /* AppDelegate.swift in Sources */,
				602F80EF2A60E8D700070A20 /* KoanbaTechnicalTest.xcdatamodeld in Sources */,
				602F80E72A60E8D700070A20 /* SceneDelegate.swift in Sources */,
			);
			runOnlyForDeploymentPostprocessing = 0;
		};
		602F80F62A60E8D900070A20 /* Sources */ = {
			isa = PBXSourcesBuildPhase;
			buildActionMask = 2147483647;
			files = (
				602F80FF2A60E8D900070A20 /* KoanbaTechnicalTestTests.swift in Sources */,
			);
			runOnlyForDeploymentPostprocessing = 0;
		};
		602F81002A60E8D900070A20 /* Sources */ = {
			isa = PBXSourcesBuildPhase;
			buildActionMask = 2147483647;
			files = (
				602F810B2A60E8D900070A20 /* KoanbaTechnicalTestUITestsLaunchTests.swift in Sources */,
				602F81092A60E8D900070A20 /* KoanbaTechnicalTestUITests.swift in Sources */,
			);
			runOnlyForDeploymentPostprocessing = 0;
		};
/* End PBXSourcesBuildPhase section */

/* Begin PBXTargetDependency section */
		602F80FC2A60E8D900070A20 /* PBXTargetDependency */ = {
			isa = PBXTargetDependency;
			target = 602F80E02A60E8D700070A20 /* KoanbaTechnicalTest */;
			targetProxy = 602F80FB2A60E8D900070A20 /* PBXContainerItemProxy */;
		};
		602F81062A60E8D900070A20 /* PBXTargetDependency */ = {
			isa = PBXTargetDependency;
			target = 602F80E02A60E8D700070A20 /* KoanbaTechnicalTest */;
			targetProxy = 602F81052A60E8D900070A20 /* PBXContainerItemProxy */;
		};
/* End PBXTargetDependency section */

/* Begin PBXVariantGroup section */
		602F80EA2A60E8D700070A20 /* Main.storyboard */ = {
			isa = PBXVariantGroup;
			children = (
				602F80EB2A60E8D700070A20 /* Base */,
			);
			name = Main.storyboard;
			sourceTree = "<group>";
		};
		602F80F22A60E8D900070A20 /* LaunchScreen.storyboard */ = {
			isa = PBXVariantGroup;
			children = (
				602F80F32A60E8D900070A20 /* Base */,
			);
			name = LaunchScreen.storyboard;
			sourceTree = "<group>";
		};
/* End PBXVariantGroup section */

/* Begin XCBuildConfiguration section */
		602F810C2A60E8D900070A20 /* Debug */ = {
			isa = XCBuildConfiguration;
			buildSettings = {
				ALWAYS_SEARCH_USER_PATHS = NO;
				CLANG_ANALYZER_NONNULL = YES;
				CLANG_ANALYZER_NUMBER_OBJECT_CONVERSION = YES_AGGRESSIVE;
				CLANG_CXX_LANGUAGE_STANDARD = "gnu++17";
				CLANG_ENABLE_MODULES = YES;
				CLANG_ENABLE_OBJC_ARC = YES;
				CLANG_ENABLE_OBJC_WEAK = YES;
				CLANG_WARN_BLOCK_CAPTURE_AUTORELEASING = YES;
				CLANG_WARN_BOOL_CONVERSION = YES;
				CLANG_WARN_COMMA = YES;
				CLANG_WARN_CONSTANT_CONVERSION = YES;
				CLANG_WARN_DEPRECATED_OBJC_IMPLEMENTATIONS = YES;
				CLANG_WARN_DIRECT_OBJC_ISA_USAGE = YES_ERROR;
				CLANG_WARN_DOCUMENTATION_COMMENTS = YES;
				CLANG_WARN_EMPTY_BODY = YES;
				CLANG_WARN_ENUM_CONVERSION = YES;
				CLANG_WARN_INFINITE_RECURSION = YES;
				CLANG_WARN_INT_CONVERSION = YES;
				CLANG_WARN_NON_LITERAL_NULL_CONVERSION = YES;
				CLANG_WARN_OBJC_IMPLICIT_RETAIN_SELF = YES;
				CLANG_WARN_OBJC_LITERAL_CONVERSION = YES;
				CLANG_WARN_OBJC_ROOT_CLASS = YES_ERROR;
				CLANG_WARN_QUOTED_INCLUDE_IN_FRAMEWORK_HEADER = YES;
				CLANG_WARN_RANGE_LOOP_ANALYSIS = YES;
				CLANG_WARN_STRICT_PROTOTYPES = YES;
				CLANG_WARN_SUSPICIOUS_MOVE = YES;
				CLANG_WARN_UNGUARDED_AVAILABILITY = YES_AGGRESSIVE;
				CLANG_WARN_UNREACHABLE_CODE = YES;
				CLANG_WARN__DUPLICATE_METHOD_MATCH = YES;
				COPY_PHASE_STRIP = NO;
				DEBUG_INFORMATION_FORMAT = dwarf;
				ENABLE_STRICT_OBJC_MSGSEND = YES;
				ENABLE_TESTABILITY = YES;
				GCC_C_LANGUAGE_STANDARD = gnu11;
				GCC_DYNAMIC_NO_PIC = NO;
				GCC_NO_COMMON_BLOCKS = YES;
				GCC_OPTIMIZATION_LEVEL = 0;
				GCC_PREPROCESSOR_DEFINITIONS = (
					"DEBUG=1",
					"$(inherited)",
				);
				GCC_WARN_64_TO_32_BIT_CONVERSION = YES;
				GCC_WARN_ABOUT_RETURN_TYPE = YES_ERROR;
				GCC_WARN_UNDECLARED_SELECTOR = YES;
				GCC_WARN_UNINITIALIZED_AUTOS = YES_AGGRESSIVE;
				GCC_WARN_UNUSED_FUNCTION = YES;
				GCC_WARN_UNUSED_VARIABLE = YES;
				IPHONEOS_DEPLOYMENT_TARGET = 15.4;
				MTL_ENABLE_DEBUG_INFO = INCLUDE_SOURCE;
				MTL_FAST_MATH = YES;
				ONLY_ACTIVE_ARCH = YES;
				SDKROOT = iphoneos;
				SWIFT_ACTIVE_COMPILATION_CONDITIONS = DEBUG;
				SWIFT_OPTIMIZATION_LEVEL = "-Onone";
			};
			name = Debug;
		};
		602F810D2A60E8D900070A20 /* Release */ = {
			isa = XCBuildConfiguration;
			buildSettings = {
				ALWAYS_SEARCH_USER_PATHS = NO;
				CLANG_ANALYZER_NONNULL = YES;
				CLANG_ANALYZER_NUMBER_OBJECT_CONVERSION = YES_AGGRESSIVE;
				CLANG_CXX_LANGUAGE_STANDARD = "gnu++17";
				CLANG_ENABLE_MODULES = YES;
				CLANG_ENABLE_OBJC_ARC = YES;
				CLANG_ENABLE_OBJC_WEAK = YES;
				CLANG_WARN_BLOCK_CAPTURE_AUTORELEASING = YES;
				CLANG_WARN_BOOL_CONVERSION = YES;
				CLANG_WARN_COMMA = YES;
				CLANG_WARN_CONSTANT_CONVERSION = YES;
				CLANG_WARN_DEPRECATED_OBJC_IMPLEMENTATIONS = YES;
				CLANG_WARN_DIRECT_OBJC_ISA_USAGE = YES_ERROR;
				CLANG_WARN_DOCUMENTATION_COMMENTS = YES;
				CLANG_WARN_EMPTY_BODY = YES;
				CLANG_WARN_ENUM_CONVERSION = YES;
				CLANG_WARN_INFINITE_RECURSION = YES;
				CLANG_WARN_INT_CONVERSION = YES;
				CLANG_WARN_NON_LITERAL_NULL_CONVERSION = YES;
				CLANG_WARN_OBJC_IMPLICIT_RETAIN_SELF = YES;
				CLANG_WARN_OBJC_LITERAL_CONVERSION = YES;
				CLANG_WARN_OBJC_ROOT_CLASS = YES_ERROR;
				CLANG_WARN_QUOTED_INCLUDE_IN_FRAMEWORK_HEADER = YES;
				CLANG_WARN_RANGE_LOOP_ANALYSIS = YES;
				CLANG_WARN_STRICT_PROTOTYPES = YES;
				CLANG_WARN_SUSPICIOUS_MOVE = YES;
				CLANG_WARN_UNGUARDED_AVAILABILITY = YES_AGGRESSIVE;
				CLANG_WARN_UNREACHABLE_CODE = YES;
				CLANG_WARN__DUPLICATE_METHOD_MATCH = YES;
				COPY_PHASE_STRIP = NO;
				DEBUG_INFORMATION_FORMAT = "dwarf-with-dsym";
				ENABLE_NS_ASSERTIONS = NO;
				ENABLE_STRICT_OBJC_MSGSEND = YES;
				GCC_C_LANGUAGE_STANDARD = gnu11;
				GCC_NO_COMMON_BLOCKS = YES;
				GCC_WARN_64_TO_32_BIT_CONVERSION = YES;
				GCC_WARN_ABOUT_RETURN_TYPE = YES_ERROR;
				GCC_WARN_UNDECLARED_SELECTOR = YES;
				GCC_WARN_UNINITIALIZED_AUTOS = YES_AGGRESSIVE;
				GCC_WARN_UNUSED_FUNCTION = YES;
				GCC_WARN_UNUSED_VARIABLE = YES;
				IPHONEOS_DEPLOYMENT_TARGET = 15.4;
				MTL_ENABLE_DEBUG_INFO = NO;
				MTL_FAST_MATH = YES;
				SDKROOT = iphoneos;
				SWIFT_COMPILATION_MODE = wholemodule;
				SWIFT_OPTIMIZATION_LEVEL = "-O";
				VALIDATE_PRODUCT = YES;
			};
			name = Release;
		};
		602F810F2A60E8D900070A20 /* Debug */ = {
			isa = XCBuildConfiguration;
			buildSettings = {
				ASSETCATALOG_COMPILER_APPICON_NAME = AppIcon;
				ASSETCATALOG_COMPILER_GLOBAL_ACCENT_COLOR_NAME = AccentColor;
				CODE_SIGN_STYLE = Automatic;
				CURRENT_PROJECT_VERSION = 1;
				DEVELOPMENT_TEAM = XSU8R39RF3;
				GENERATE_INFOPLIST_FILE = YES;
				INFOPLIST_FILE = KoanbaTechnicalTest/Info.plist;
				INFOPLIST_KEY_UIApplicationSupportsIndirectInputEvents = YES;
				INFOPLIST_KEY_UILaunchStoryboardName = LaunchScreen;
				INFOPLIST_KEY_UIMainStoryboardFile = Main;
				INFOPLIST_KEY_UISupportedInterfaceOrientations_iPad = "UIInterfaceOrientationPortrait UIInterfaceOrientationPortraitUpsideDown UIInterfaceOrientationLandscapeLeft UIInterfaceOrientationLandscapeRight";
				INFOPLIST_KEY_UISupportedInterfaceOrientations_iPhone = "UIInterfaceOrientationPortrait UIInterfaceOrientationLandscapeLeft UIInterfaceOrientationLandscapeRight";
				LD_RUNPATH_SEARCH_PATHS = (
					"$(inherited)",
					"@executable_path/Frameworks",
				);
				MARKETING_VERSION = 1.0;
				PRODUCT_BUNDLE_IDENTIFIER = com.iskandar.KoanbaTechnicalTest;
				PRODUCT_NAME = "$(TARGET_NAME)";
				SWIFT_EMIT_LOC_STRINGS = YES;
				SWIFT_VERSION = 5.0;
				TARGETED_DEVICE_FAMILY = "1,2";
			};
			name = Debug;
		};
		602F81102A60E8D900070A20 /* Release */ = {
			isa = XCBuildConfiguration;
			buildSettings = {
				ASSETCATALOG_COMPILER_APPICON_NAME = AppIcon;
				ASSETCATALOG_COMPILER_GLOBAL_ACCENT_COLOR_NAME = AccentColor;
				CODE_SIGN_STYLE = Automatic;
				CURRENT_PROJECT_VERSION = 1;
				DEVELOPMENT_TEAM = XSU8R39RF3;
				GENERATE_INFOPLIST_FILE = YES;
				INFOPLIST_FILE = KoanbaTechnicalTest/Info.plist;
				INFOPLIST_KEY_UIApplicationSupportsIndirectInputEvents = YES;
				INFOPLIST_KEY_UILaunchStoryboardName = LaunchScreen;
				INFOPLIST_KEY_UIMainStoryboardFile = Main;
				INFOPLIST_KEY_UISupportedInterfaceOrientations_iPad = "UIInterfaceOrientationPortrait UIInterfaceOrientationPortraitUpsideDown UIInterfaceOrientationLandscapeLeft UIInterfaceOrientationLandscapeRight";
				INFOPLIST_KEY_UISupportedInterfaceOrientations_iPhone = "UIInterfaceOrientationPortrait UIInterfaceOrientationLandscapeLeft UIInterfaceOrientationLandscapeRight";
				LD_RUNPATH_SEARCH_PATHS = (
					"$(inherited)",
					"@executable_path/Frameworks",
				);
				MARKETING_VERSION = 1.0;
				PRODUCT_BUNDLE_IDENTIFIER = com.iskandar.KoanbaTechnicalTest;
				PRODUCT_NAME = "$(TARGET_NAME)";
				SWIFT_EMIT_LOC_STRINGS = YES;
				SWIFT_VERSION = 5.0;
				TARGETED_DEVICE_FAMILY = "1,2";
			};
			name = Release;
		};
		602F81122A60E8D900070A20 /* Debug */ = {
			isa = XCBuildConfiguration;
			buildSettings = {
				ALWAYS_EMBED_SWIFT_STANDARD_LIBRARIES = YES;
				BUNDLE_LOADER = "$(TEST_HOST)";
				CODE_SIGN_STYLE = Automatic;
				CURRENT_PROJECT_VERSION = 1;
				DEVELOPMENT_TEAM = XSU8R39RF3;
				GENERATE_INFOPLIST_FILE = YES;
				IPHONEOS_DEPLOYMENT_TARGET = 15.4;
				MARKETING_VERSION = 1.0;
				PRODUCT_BUNDLE_IDENTIFIER = com.iskandar.KoanbaTechnicalTestTests;
				PRODUCT_NAME = "$(TARGET_NAME)";
				SWIFT_EMIT_LOC_STRINGS = NO;
				SWIFT_VERSION = 5.0;
				TARGETED_DEVICE_FAMILY = "1,2";
				TEST_HOST = "$(BUILT_PRODUCTS_DIR)/KoanbaTechnicalTest.app/KoanbaTechnicalTest";
			};
			name = Debug;
		};
		602F81132A60E8D900070A20 /* Release */ = {
			isa = XCBuildConfiguration;
			buildSettings = {
				ALWAYS_EMBED_SWIFT_STANDARD_LIBRARIES = YES;
				BUNDLE_LOADER = "$(TEST_HOST)";
				CODE_SIGN_STYLE = Automatic;
				CURRENT_PROJECT_VERSION = 1;
				DEVELOPMENT_TEAM = XSU8R39RF3;
				GENERATE_INFOPLIST_FILE = YES;
				IPHONEOS_DEPLOYMENT_TARGET = 15.4;
				MARKETING_VERSION = 1.0;
				PRODUCT_BUNDLE_IDENTIFIER = com.iskandar.KoanbaTechnicalTestTests;
				PRODUCT_NAME = "$(TARGET_NAME)";
				SWIFT_EMIT_LOC_STRINGS = NO;
				SWIFT_VERSION = 5.0;
				TARGETED_DEVICE_FAMILY = "1,2";
				TEST_HOST = "$(BUILT_PRODUCTS_DIR)/KoanbaTechnicalTest.app/KoanbaTechnicalTest";
			};
			name = Release;
		};
		602F81152A60E8D900070A20 /* Debug */ = {
			isa = XCBuildConfiguration;
			buildSettings = {
				ALWAYS_EMBED_SWIFT_STANDARD_LIBRARIES = YES;
				CODE_SIGN_STYLE = Automatic;
				CURRENT_PROJECT_VERSION = 1;
				DEVELOPMENT_TEAM = XSU8R39RF3;
				GENERATE_INFOPLIST_FILE = YES;
				MARKETING_VERSION = 1.0;
				PRODUCT_BUNDLE_IDENTIFIER = com.iskandar.KoanbaTechnicalTestUITests;
				PRODUCT_NAME = "$(TARGET_NAME)";
				SWIFT_EMIT_LOC_STRINGS = NO;
				SWIFT_VERSION = 5.0;
				TARGETED_DEVICE_FAMILY = "1,2";
				TEST_TARGET_NAME = KoanbaTechnicalTest;
			};
			name = Debug;
		};
		602F81162A60E8D900070A20 /* Release */ = {
			isa = XCBuildConfiguration;
			buildSettings = {
				ALWAYS_EMBED_SWIFT_STANDARD_LIBRARIES = YES;
				CODE_SIGN_STYLE = Automatic;
				CURRENT_PROJECT_VERSION = 1;
				DEVELOPMENT_TEAM = XSU8R39RF3;
				GENERATE_INFOPLIST_FILE = YES;
				MARKETING_VERSION = 1.0;
				PRODUCT_BUNDLE_IDENTIFIER = com.iskandar.KoanbaTechnicalTestUITests;
				PRODUCT_NAME = "$(TARGET_NAME)";
				SWIFT_EMIT_LOC_STRINGS = NO;
				SWIFT_VERSION = 5.0;
				TARGETED_DEVICE_FAMILY = "1,2";
				TEST_TARGET_NAME = KoanbaTechnicalTest;
			};
			name = Release;
		};
/* End XCBuildConfiguration section */

/* Begin XCConfigurationList section */
		602F80DC2A60E8D700070A20 /* Build configuration list for PBXProject "KoanbaTechnicalTest" */ = {
			isa = XCConfigurationList;
			buildConfigurations = (
				602F810C2A60E8D900070A20 /* Debug */,
				602F810D2A60E8D900070A20 /* Release */,
			);
			defaultConfigurationIsVisible = 0;
			defaultConfigurationName = Release;
		};
		602F810E2A60E8D900070A20 /* Build configuration list for PBXNativeTarget "KoanbaTechnicalTest" */ = {
			isa = XCConfigurationList;
			buildConfigurations = (
				602F810F2A60E8D900070A20 /* Debug */,
				602F81102A60E8D900070A20 /* Release */,
			);
			defaultConfigurationIsVisible = 0;
			defaultConfigurationName = Release;
		};
		602F81112A60E8D900070A20 /* Build configuration list for PBXNativeTarget "KoanbaTechnicalTestTests" */ = {
			isa = XCConfigurationList;
			buildConfigurations = (
				602F81122A60E8D900070A20 /* Debug */,
				602F81132A60E8D900070A20 /* Release */,
			);
			defaultConfigurationIsVisible = 0;
			defaultConfigurationName = Release;
		};
		602F81142A60E8D900070A20 /* Build configuration list for PBXNativeTarget "KoanbaTechnicalTestUITests" */ = {
			isa = XCConfigurationList;
			buildConfigurations = (
				602F81152A60E8D900070A20 /* Debug */,
				602F81162A60E8D900070A20 /* Release */,
			);
			defaultConfigurationIsVisible = 0;
			defaultConfigurationName = Release;
		};
/* End XCConfigurationList section */

/* Begin XCVersionGroup section */
		602F80ED2A60E8D700070A20 /* KoanbaTechnicalTest.xcdatamodeld */ = {
			isa = XCVersionGroup;
			children = (
				602F80EE2A60E8D700070A20 /* KoanbaTechnicalTest.xcdatamodel */,
			);
			currentVersion = 602F80EE2A60E8D700070A20 /* KoanbaTechnicalTest.xcdatamodel */;
			path = KoanbaTechnicalTest.xcdatamodeld;
			sourceTree = "<group>";
			versionGroupType = wrapper.xcdatamodel;
		};
/* End XCVersionGroup section */
	};
	rootObject = 602F80D92A60E8D700070A20 /* Project object */;
}
